
Microsoft Visual Studio Solution File, Format Version 12.00
# Visual Studio Version 17
VisualStudioVersion = 17.6.33712.159
MinimumVisualStudioVersion = 10.0.40219.1
Project("{8BC9CEB8-8B4A-11D0-8D11-00A0C91BC942}") = "drawPixels", "drawPixels\drawPixels.vcxproj", "{68C910FC-B2A7-4E9F-A8E3-8C715765DA15}"
EndProject
Project("{8BC9CEB8-8B4A-11D0-8D11-00A0C91BC942}") = "FirstGame", "FirstGame\FirstGame.vcxproj", "{8044C501-52EF-4DE1-A45C-D033CB8AA7D6}"
EndProject
Project("{8BC9CEB8-8B4A-11D0-8D11-00A0C91BC942}") = "Test", "Test\Test.vcxproj", "{80306048-5349-4CDE-97A9-865E54A7D146}"
EndProject
Project("{8BC9CEB8-8B4A-11D0-8D11-00A0C91BC942}") = "displayImage", "displayImage\displayImage.vcxproj", "{698DC5C7-A447-4AA0-A474-86A86BC020A6}"
EndProject
Project("{8BC9CEB8-8B4A-11D0-8D11-00A0C91BC942}") = "displayImageAlphaTest", "displayImageAlphaTest\displayImageAlphaTest.vcxproj", "{3EB65960-B417-4947-B52E-8163818274E2}"
EndProject
Project("{8BC9CEB8-8B4A-11D0-8D11-00A0C91BC942}") = "NimotsuKunAlphaTest", "NimotsuKunAlphaTest\NimotsuKunAlphaTest.vcxproj", "{90DECF95-D3ED-41AF-8E19-32174D16C576}"
EndProject
Project("{8BC9CEB8-8B4A-11D0-8D11-00A0C91BC942}") = "displayImageAlphaBlend", "displayImageAlphaBlend\displayImageAlphaBlend.vcxproj", "{A98E4E9A-1E55-4A9F-AB5D-84EA40A720BB}"
EndProject
Project("{8BC9CEB8-8B4A-11D0-8D11-00A0C91BC942}") = "NimotsuKunSmoothMove", "NimotsuKunSmoothMove\NimotsuKunSmoothMove.vcxproj", "{DF1ED719-894B-4482-82C3-A3C13FDA4F8C}"
EndProject
Project("{8BC9CEB8-8B4A-11D0-8D11-00A0C91BC942}") = "NimotsuKunConstantFrameRate", "NimotsuKunConstantFrameRate\NimotsuKunConstantFrameRate.vcxproj", "{40F1B148-FFD5-438C-A963-534D18EDFD46}"
EndProject
Project("{8BC9CEB8-8B4A-11D0-8D11-00A0C91BC942}") = "NimotsuKunWithSequence1", "NimotsuKunWithSequence1\NimotsuKunWithSequence1.vcxproj", "{581598E0-3B7C-4EAF-B1B9-93732DED1A6A}"
EndProject
Project("{8BC9CEB8-8B4A-11D0-8D11-00A0C91BC942}") = "NimotsuKunWithSequence2", "NimotsuKunWithSequence2\NimotsuKunWithSequence2.vcxproj", "{AB5AAA6F-191A-47FC-B9FA-C4AFDC7120FB}"
EndProject
Project("{8BC9CEB8-8B4A-11D0-8D11-00A0C91BC942}") = "Bakudan", "Bakudan\Bakudan.vcxproj", "{078E24BD-61D1-4B4A-B1CD-238EDED68451}"
EndProject
Project("{8BC9CEB8-8B4A-11D0-8D11-00A0C91BC942}") = "BakudanBitoBackgroundOnly", "BakudanBitoBackgroundOnly\BakudanBitoBackgroundOnly.vcxproj", "{BFB5A7B1-8263-4D60-899B-36C5ED5C65BA}"
EndProject
Global
	GlobalSection(SolutionConfigurationPlatforms) = preSolution
		Debug|x64 = Debug|x64
		Debug|x86 = Debug|x86
		Release|x64 = Release|x64
		Release|x86 = Release|x86
	EndGlobalSection
	GlobalSection(ProjectConfigurationPlatforms) = postSolution
		{68C910FC-B2A7-4E9F-A8E3-8C715765DA15}.Debug|x64.ActiveCfg = Debug|x64
		{68C910FC-B2A7-4E9F-A8E3-8C715765DA15}.Debug|x64.Build.0 = Debug|x64
		{68C910FC-B2A7-4E9F-A8E3-8C715765DA15}.Debug|x86.ActiveCfg = Debug|Win32
		{68C910FC-B2A7-4E9F-A8E3-8C715765DA15}.Debug|x86.Build.0 = Debug|Win32
		{68C910FC-B2A7-4E9F-A8E3-8C715765DA15}.Release|x64.ActiveCfg = Release|x64
		{68C910FC-B2A7-4E9F-A8E3-8C715765DA15}.Release|x64.Build.0 = Release|x64
		{68C910FC-B2A7-4E9F-A8E3-8C715765DA15}.Release|x86.ActiveCfg = Release|Win32
		{68C910FC-B2A7-4E9F-A8E3-8C715765DA15}.Release|x86.Build.0 = Release|Win32
		{8044C501-52EF-4DE1-A45C-D033CB8AA7D6}.Debug|x64.ActiveCfg = Debug|x64
		{8044C501-52EF-4DE1-A45C-D033CB8AA7D6}.Debug|x64.Build.0 = Debug|x64
		{8044C501-52EF-4DE1-A45C-D033CB8AA7D6}.Debug|x86.ActiveCfg = Debug|Win32
		{8044C501-52EF-4DE1-A45C-D033CB8AA7D6}.Debug|x86.Build.0 = Debug|Win32
		{8044C501-52EF-4DE1-A45C-D033CB8AA7D6}.Release|x64.ActiveCfg = Release|x64
		{8044C501-52EF-4DE1-A45C-D033CB8AA7D6}.Release|x64.Build.0 = Release|x64
		{8044C501-52EF-4DE1-A45C-D033CB8AA7D6}.Release|x86.ActiveCfg = Release|Win32
		{8044C501-52EF-4DE1-A45C-D033CB8AA7D6}.Release|x86.Build.0 = Release|Win32
		{80306048-5349-4CDE-97A9-865E54A7D146}.Debug|x64.ActiveCfg = Debug|x64
		{80306048-5349-4CDE-97A9-865E54A7D146}.Debug|x64.Build.0 = Debug|x64
		{80306048-5349-4CDE-97A9-865E54A7D146}.Debug|x86.ActiveCfg = Debug|Win32
		{80306048-5349-4CDE-97A9-865E54A7D146}.Debug|x86.Build.0 = Debug|Win32
		{80306048-5349-4CDE-97A9-865E54A7D146}.Release|x64.ActiveCfg = Release|x64
		{80306048-5349-4CDE-97A9-865E54A7D146}.Release|x64.Build.0 = Release|x64
		{80306048-5349-4CDE-97A9-865E54A7D146}.Release|x86.ActiveCfg = Release|Win32
		{80306048-5349-4CDE-97A9-865E54A7D146}.Release|x86.Build.0 = Release|Win32
		{698DC5C7-A447-4AA0-A474-86A86BC020A6}.Debug|x64.ActiveCfg = Debug|Win32
		{698DC5C7-A447-4AA0-A474-86A86BC020A6}.Debug|x86.ActiveCfg = Debug|Win32
		{698DC5C7-A447-4AA0-A474-86A86BC020A6}.Debug|x86.Build.0 = Debug|Win32
		{698DC5C7-A447-4AA0-A474-86A86BC020A6}.Release|x64.ActiveCfg = Release|Win32
		{698DC5C7-A447-4AA0-A474-86A86BC020A6}.Release|x86.ActiveCfg = Release|Win32
		{698DC5C7-A447-4AA0-A474-86A86BC020A6}.Release|x86.Build.0 = Release|Win32
		{3EB65960-B417-4947-B52E-8163818274E2}.Debug|x64.ActiveCfg = Debug|Win32
		{3EB65960-B417-4947-B52E-8163818274E2}.Debug|x86.ActiveCfg = Debug|Win32
		{3EB65960-B417-4947-B52E-8163818274E2}.Debug|x86.Build.0 = Debug|Win32
		{3EB65960-B417-4947-B52E-8163818274E2}.Release|x64.ActiveCfg = Release|Win32
		{3EB65960-B417-4947-B52E-8163818274E2}.Release|x86.ActiveCfg = Release|Win32
		{3EB65960-B417-4947-B52E-8163818274E2}.Release|x86.Build.0 = Release|Win32
		{90DECF95-D3ED-41AF-8E19-32174D16C576}.Debug|x64.ActiveCfg = Debug|Win32
		{90DECF95-D3ED-41AF-8E19-32174D16C576}.Debug|x86.ActiveCfg = Debug|Win32
		{90DECF95-D3ED-41AF-8E19-32174D16C576}.Debug|x86.Build.0 = Debug|Win32
		{90DECF95-D3ED-41AF-8E19-32174D16C576}.Release|x64.ActiveCfg = Release|Win32
		{90DECF95-D3ED-41AF-8E19-32174D16C576}.Release|x86.ActiveCfg = Release|Win32
		{90DECF95-D3ED-41AF-8E19-32174D16C576}.Release|x86.Build.0 = Release|Win32
		{A98E4E9A-1E55-4A9F-AB5D-84EA40A720BB}.Debug|x64.ActiveCfg = Debug|Win32
		{A98E4E9A-1E55-4A9F-AB5D-84EA40A720BB}.Debug|x86.ActiveCfg = Debug|Win32
		{A98E4E9A-1E55-4A9F-AB5D-84EA40A720BB}.Debug|x86.Build.0 = Debug|Win32
		{A98E4E9A-1E55-4A9F-AB5D-84EA40A720BB}.Release|x64.ActiveCfg = Release|Win32
		{A98E4E9A-1E55-4A9F-AB5D-84EA40A720BB}.Release|x86.ActiveCfg = Release|Win32
		{A98E4E9A-1E55-4A9F-AB5D-84EA40A720BB}.Release|x86.Build.0 = Release|Win32
		{DF1ED719-894B-4482-82C3-A3C13FDA4F8C}.Debug|x64.ActiveCfg = Debug|Win32
		{DF1ED719-894B-4482-82C3-A3C13FDA4F8C}.Debug|x64.Build.0 = Debug|Win32
		{DF1ED719-894B-4482-82C3-A3C13FDA4F8C}.Debug|x86.ActiveCfg = Debug|Win32
		{DF1ED719-894B-4482-82C3-A3C13FDA4F8C}.Debug|x86.Build.0 = Debug|Win32
		{DF1ED719-894B-4482-82C3-A3C13FDA4F8C}.Release|x64.ActiveCfg = Release|Win32
		{DF1ED719-894B-4482-82C3-A3C13FDA4F8C}.Release|x64.Build.0 = Release|Win32
		{DF1ED719-894B-4482-82C3-A3C13FDA4F8C}.Release|x86.ActiveCfg = Release|Win32
		{DF1ED719-894B-4482-82C3-A3C13FDA4F8C}.Release|x86.Build.0 = Release|Win32
		{40F1B148-FFD5-438C-A963-534D18EDFD46}.Debug|x64.ActiveCfg = Debug|Win32
		{40F1B148-FFD5-438C-A963-534D18EDFD46}.Debug|x64.Build.0 = Debug|Win32
		{40F1B148-FFD5-438C-A963-534D18EDFD46}.Debug|x86.ActiveCfg = Debug|Win32
		{40F1B148-FFD5-438C-A963-534D18EDFD46}.Debug|x86.Build.0 = Debug|Win32
		{40F1B148-FFD5-438C-A963-534D18EDFD46}.Release|x64.ActiveCfg = Release|Win32
		{40F1B148-FFD5-438C-A963-534D18EDFD46}.Release|x64.Build.0 = Release|Win32
		{40F1B148-FFD5-438C-A963-534D18EDFD46}.Release|x86.ActiveCfg = Release|Win32
		{40F1B148-FFD5-438C-A963-534D18EDFD46}.Release|x86.Build.0 = Release|Win32
		{581598E0-3B7C-4EAF-B1B9-93732DED1A6A}.Debug|x64.ActiveCfg = Debug|Win32
		{581598E0-3B7C-4EAF-B1B9-93732DED1A6A}.Debug|x64.Build.0 = Debug|Win32
		{581598E0-3B7C-4EAF-B1B9-93732DED1A6A}.Debug|x86.ActiveCfg = Debug|Win32
		{581598E0-3B7C-4EAF-B1B9-93732DED1A6A}.Debug|x86.Build.0 = Debug|Win32
		{581598E0-3B7C-4EAF-B1B9-93732DED1A6A}.Release|x64.ActiveCfg = Release|Win32
		{581598E0-3B7C-4EAF-B1B9-93732DED1A6A}.Release|x64.Build.0 = Release|Win32
		{581598E0-3B7C-4EAF-B1B9-93732DED1A6A}.Release|x86.ActiveCfg = Release|Win32
		{581598E0-3B7C-4EAF-B1B9-93732DED1A6A}.Release|x86.Build.0 = Release|Win32
		{AB5AAA6F-191A-47FC-B9FA-C4AFDC7120FB}.Debug|x64.ActiveCfg = Debug|Win32
		{AB5AAA6F-191A-47FC-B9FA-C4AFDC7120FB}.Debug|x64.Build.0 = Debug|Win32
		{AB5AAA6F-191A-47FC-B9FA-C4AFDC7120FB}.Debug|x86.ActiveCfg = Debug|Win32
		{AB5AAA6F-191A-47FC-B9FA-C4AFDC7120FB}.Debug|x86.Build.0 = Debug|Win32
		{AB5AAA6F-191A-47FC-B9FA-C4AFDC7120FB}.Release|x64.ActiveCfg = Release|Win32
		{AB5AAA6F-191A-47FC-B9FA-C4AFDC7120FB}.Release|x64.Build.0 = Release|Win32
		{AB5AAA6F-191A-47FC-B9FA-C4AFDC7120FB}.Release|x86.ActiveCfg = Release|Win32
		{AB5AAA6F-191A-47FC-B9FA-C4AFDC7120FB}.Release|x86.Build.0 = Release|Win32
		{078E24BD-61D1-4B4A-B1CD-238EDED68451}.Debug|x64.ActiveCfg = Debug|x64
		{078E24BD-61D1-4B4A-B1CD-238EDED68451}.Debug|x64.Build.0 = Debug|x64
		{078E24BD-61D1-4B4A-B1CD-238EDED68451}.Debug|x86.ActiveCfg = Debug|Win32
		{078E24BD-61D1-4B4A-B1CD-238EDED68451}.Debug|x86.Build.0 = Debug|Win32
		{078E24BD-61D1-4B4A-B1CD-238EDED68451}.Release|x64.ActiveCfg = Release|x64
		{078E24BD-61D1-4B4A-B1CD-238EDED68451}.Release|x64.Build.0 = Release|x64
		{078E24BD-61D1-4B4A-B1CD-238EDED68451}.Release|x86.ActiveCfg = Release|Win32
		{078E24BD-61D1-4B4A-B1CD-238EDED68451}.Release|x86.Build.0 = Release|Win32
		{BFB5A7B1-8263-4D60-899B-36C5ED5C65BA}.Debug|x64.ActiveCfg = Debug|Win32
		{BFB5A7B1-8263-4D60-899B-36C5ED5C65BA}.Debug|x64.Build.0 = Debug|Win32
		{BFB5A7B1-8263-4D60-899B-36C5ED5C65BA}.Debug|x86.ActiveCfg = Debug|Win32
		{BFB5A7B1-8263-4D60-899B-36C5ED5C65BA}.Debug|x86.Build.0 = Debug|Win32
		{BFB5A7B1-8263-4D60-899B-36C5ED5C65BA}.Release|x64.ActiveCfg = Release|Win32
		{BFB5A7B1-8263-4D60-899B-36C5ED5C65BA}.Release|x64.Build.0 = Release|Win32
		{BFB5A7B1-8263-4D60-899B-36C5ED5C65BA}.Release|x86.ActiveCfg = Release|Win32
		{BFB5A7B1-8263-4D60-899B-36C5ED5C65BA}.Release|x86.Build.0 = Release|Win32
	EndGlobalSection
	GlobalSection(SolutionProperties) = preSolution
		HideSolutionNode = FALSE
	EndGlobalSection
	GlobalSection(ExtensibilityGlobals) = postSolution
		SolutionGuid = {F460F433-CE9F-4241-A04C-83A4F7A9B6DF}
	EndGlobalSection
EndGlobal
